
Microsoft Visual Studio Solution File, Format Version 12.00
# Visual Studio Version 16
VisualStudioVersion = 16.0.31025.218
MinimumVisualStudioVersion = 10.0.40219.1
Project("{FAE04EC0-301F-11D3-BF4B-00C04F79EFBC}") = "WasmTimeZoneInfoIssueExample.Server", "WasmTimeZoneInfoIssueExample\Server\WasmTimeZoneInfoIssueExample.Server.csproj", "{731ABD96-E760-4031-A707-C984EBDEFCC1}"
EndProject
Project("{FAE04EC0-301F-11D3-BF4B-00C04F79EFBC}") = "WasmTimeZoneInfoIssueExample.Client", "WasmTimeZoneInfoIssueExample\Client\WasmTimeZoneInfoIssueExample.Client.csproj", "{53F6F124-12C5-4D31-B64D-A60D98192AE1}"
EndProject
Project("{FAE04EC0-301F-11D3-BF4B-00C04F79EFBC}") = "WasmTimeZoneInfoIssueExample.Shared", "WasmTimeZoneInfoIssueExample\Shared\WasmTimeZoneInfoIssueExample.Shared.csproj", "{008941ED-72EB-4E2A-A480-5E6522A3D7B6}"
EndProject
Global
	GlobalSection(SolutionConfigurationPlatforms) = preSolution
		Debug|Any CPU = Debug|Any CPU
		Release|Any CPU = Release|Any CPU
	EndGlobalSection
	GlobalSection(ProjectConfigurationPlatforms) = postSolution
		{731ABD96-E760-4031-A707-C984EBDEFCC1}.Debug|Any CPU.ActiveCfg = Debug|Any CPU
		{731ABD96-E760-4031-A707-C984EBDEFCC1}.Debug|Any CPU.Build.0 = Debug|Any CPU
		{731ABD96-E760-4031-A707-C984EBDEFCC1}.Release|Any CPU.ActiveCfg = Release|Any CPU
		{731ABD96-E760-4031-A707-C984EBDEFCC1}.Release|Any CPU.Build.0 = Release|Any CPU
		{53F6F124-12C5-4D31-B64D-A60D98192AE1}.Debug|Any CPU.ActiveCfg = Debug|Any CPU
		{53F6F124-12C5-4D31-B64D-A60D98192AE1}.Debug|Any CPU.Build.0 = Debug|Any CPU
		{53F6F124-12C5-4D31-B64D-A60D98192AE1}.Release|Any CPU.ActiveCfg = Release|Any CPU
		{53F6F124-12C5-4D31-B64D-A60D98192AE1}.Release|Any CPU.Build.0 = Release|Any CPU
		{008941ED-72EB-4E2A-A480-5E6522A3D7B6}.Debug|Any CPU.ActiveCfg = Debug|Any CPU
		{008941ED-72EB-4E2A-A480-5E6522A3D7B6}.Debug|Any CPU.Build.0 = Debug|Any CPU
		{008941ED-72EB-4E2A-A480-5E6522A3D7B6}.Release|Any CPU.ActiveCfg = Release|Any CPU
		{008941ED-72EB-4E2A-A480-5E6522A3D7B6}.Release|Any CPU.Build.0 = Release|Any CPU
	EndGlobalSection
	GlobalSection(SolutionProperties) = preSolution
		HideSolutionNode = FALSE
	EndGlobalSection
	GlobalSection(ExtensibilityGlobals) = postSolution
		SolutionGuid = {FBA24148-7D4D-4F33-BF79-542590DACA25}
	EndGlobalSection
EndGlobal
